// !$*UTF8*$!
{
	archiveVersion = 1;
	classes = {
	};
	objectVersion = 50;
	objects = {

/* Begin PBXBuildFile section */
		640990F52499B33400109109 /* red.png in Resources */ = {isa = PBXBuildFile; fileRef = 640990F32499B33400109109 /* red.png */; };
		640990F62499B33400109109 /* lookup_blue.png in Resources */ = {isa = PBXBuildFile; fileRef = 640990F42499B33400109109 /* lookup_blue.png */; };
		640991232499C58500109109 /* kobe.jpg in Resources */ = {isa = PBXBuildFile; fileRef = 640991212499C58400109109 /* kobe.jpg */; };
		640991242499C58500109109 /* lookup.png in Resources */ = {isa = PBXBuildFile; fileRef = 640991222499C58500109109 /* lookup.png */; };
		64106D40246435E7005267C2 /* BodyViewController.m in Sources */ = {isa = PBXBuildFile; fileRef = 64106D3E246435E7005267C2 /* BodyViewController.m */; };
		64106D41246435E7005267C2 /* BodyViewController.xib in Resources */ = {isa = PBXBuildFile; fileRef = 64106D3F246435E7005267C2 /* BodyViewController.xib */; };
		64137AA12489E2D400AD9F01 /* AvatarViewController.m in Sources */ = {isa = PBXBuildFile; fileRef = 64137AA02489E2D400AD9F01 /* AvatarViewController.m */; };
		64137AA42489E2E900AD9F01 /* avatar.fsh in Resources */ = {isa = PBXBuildFile; fileRef = 64137AA32489E2E900AD9F01 /* avatar.fsh */; };
		64137AA62489E2F100AD9F01 /* avatar.vsh in Resources */ = {isa = PBXBuildFile; fileRef = 64137AA52489E2F100AD9F01 /* avatar.vsh */; };
		64137AAB2489E37800AD9F01 /* avatar.jpg in Resources */ = {isa = PBXBuildFile; fileRef = 64137AA82489E37800AD9F01 /* avatar.jpg */; };
		64137AAC2489E37800AD9F01 /* background.jpg in Resources */ = {isa = PBXBuildFile; fileRef = 64137AA92489E37800AD9F01 /* background.jpg */; };
		64137AAD2489E37800AD9F01 /* prospect.jpg in Resources */ = {isa = PBXBuildFile; fileRef = 64137AAA2489E37800AD9F01 /* prospect.jpg */; };
		641B9A672457D91100BD2657 /* body2.jpg in Resources */ = {isa = PBXBuildFile; fileRef = 641B9A662457D91000BD2657 /* body2.jpg */; };
		6454CAF32449C9BA009CB7FC /* AppDelegate.m in Sources */ = {isa = PBXBuildFile; fileRef = 6454CAF22449C9BA009CB7FC /* AppDelegate.m */; };
		6454CAF62449C9BA009CB7FC /* SceneDelegate.m in Sources */ = {isa = PBXBuildFile; fileRef = 6454CAF52449C9BA009CB7FC /* SceneDelegate.m */; };
		6454CAF92449C9BA009CB7FC /* ViewController.m in Sources */ = {isa = PBXBuildFile; fileRef = 6454CAF82449C9BA009CB7FC /* ViewController.m */; };
		6454CAFE2449C9BB009CB7FC /* Assets.xcassets in Resources */ = {isa = PBXBuildFile; fileRef = 6454CAFD2449C9BB009CB7FC /* Assets.xcassets */; };
		6454CB012449C9BB009CB7FC /* LaunchScreen.storyboard in Resources */ = {isa = PBXBuildFile; fileRef = 6454CAFF2449C9BB009CB7FC /* LaunchScreen.storyboard */; };
		6454CB042449C9BB009CB7FC /* main.m in Sources */ = {isa = PBXBuildFile; fileRef = 6454CB032449C9BB009CB7FC /* main.m */; };
		6454CB0D2449CD22009CB7FC /* TriangleViewController.m in Sources */ = {isa = PBXBuildFile; fileRef = 6454CB0C2449CD22009CB7FC /* TriangleViewController.m */; };
		6454CB102449CF64009CB7FC /* Main.storyboard in Resources */ = {isa = PBXBuildFile; fileRef = 6454CB0F2449CF64009CB7FC /* Main.storyboard */; };
		6454CB142449D502009CB7FC /* glsl.vsh in Resources */ = {isa = PBXBuildFile; fileRef = 6454CB132449D502009CB7FC /* glsl.vsh */; };
		6454CB162449D510009CB7FC /* glsl.fsh in Resources */ = {isa = PBXBuildFile; fileRef = 6454CB152449D510009CB7FC /* glsl.fsh */; };
		6454CB1A244AAD3D009CB7FC /* ImageViewController.m in Sources */ = {isa = PBXBuildFile; fileRef = 6454CB19244AAD3D009CB7FC /* ImageViewController.m */; };
		6454CB1D244AB020009CB7FC /* leaves.png in Resources */ = {isa = PBXBuildFile; fileRef = 6454CB1C244AB020009CB7FC /* leaves.png */; };
		6454CB20244AB378009CB7FC /* ImageGLSLViewController.m in Sources */ = {isa = PBXBuildFile; fileRef = 6454CB1F244AB378009CB7FC /* ImageGLSLViewController.m */; };
		647AD098246ABF8200EAA18F /* Cube.fsh in Resources */ = {isa = PBXBuildFile; fileRef = 647AD097246ABF8200EAA18F /* Cube.fsh */; };
		647AD09A246ABF8800EAA18F /* Cube.vsh in Resources */ = {isa = PBXBuildFile; fileRef = 647AD099246ABF8800EAA18F /* Cube.vsh */; };
		647AD09E246AC4FB00EAA18F /* LightingViewController.m in Sources */ = {isa = PBXBuildFile; fileRef = 647AD09D246AC4FB00EAA18F /* LightingViewController.m */; };
		647AD0A3246AC51A00EAA18F /* Lighting.fsh in Resources */ = {isa = PBXBuildFile; fileRef = 647AD0A2246AC51A00EAA18F /* Lighting.fsh */; };
		647AD0A5246AC67A00EAA18F /* Lighting.vsh in Resources */ = {isa = PBXBuildFile; fileRef = 647AD0A4246AC67A00EAA18F /* Lighting.vsh */; };
		647AD0A9246C1EC900EAA18F /* SpecularViewController.m in Sources */ = {isa = PBXBuildFile; fileRef = 647AD0A8246C1EC900EAA18F /* SpecularViewController.m */; };
		647AD0AC246C1EDA00EAA18F /* Specular.fsh in Resources */ = {isa = PBXBuildFile; fileRef = 647AD0AB246C1EDA00EAA18F /* Specular.fsh */; };
		647AD0AE246C1EE100EAA18F /* Specular.vsh in Resources */ = {isa = PBXBuildFile; fileRef = 647AD0AD246C1EE100EAA18F /* Specular.vsh */; };
		647C4824244DCF100031AC98 /* LUTViewController.m in Sources */ = {isa = PBXBuildFile; fileRef = 647C4823244DCF100031AC98 /* LUTViewController.m */; };
		649F0F6D2452CDF100FE6066 /* body.jpg in Resources */ = {isa = PBXBuildFile; fileRef = 649F0F6C2452CDF100FE6066 /* body.jpg */; };
		649F0F822452D35B00FE6066 /* GLDisplayView.m in Sources */ = {isa = PBXBuildFile; fileRef = 649F0F812452D35B00FE6066 /* GLDisplayView.m */; };
		649F0F872452D44A00FE6066 /* GLProgram.m in Sources */ = {isa = PBXBuildFile; fileRef = 649F0F862452D44A00FE6066 /* GLProgram.m */; };
		649F0F8B24531B8000FE6066 /* Utils.m in Sources */ = {isa = PBXBuildFile; fileRef = 649F0F8A24531B8000FE6066 /* Utils.m */; };
		649F0F8F24531B9E00FE6066 /* UIImage+Categories.m in Sources */ = {isa = PBXBuildFile; fileRef = 649F0F8E24531B9E00FE6066 /* UIImage+Categories.m */; };
		64A985302466CE38004FD367 /* CoordSystemViewController.m in Sources */ = {isa = PBXBuildFile; fileRef = 64A9852E2466CE38004FD367 /* CoordSystemViewController.m */; };
		64A985342466D01A004FD367 /* CoordSystem.fsh in Resources */ = {isa = PBXBuildFile; fileRef = 64A985332466D01A004FD367 /* CoordSystem.fsh */; };
		64A985362466D025004FD367 /* CoordSystem.vsh in Resources */ = {isa = PBXBuildFile; fileRef = 64A985352466D025004FD367 /* CoordSystem.vsh */; };
		64A9853A2466E073004FD367 /* CameraViewController.m in Sources */ = {isa = PBXBuildFile; fileRef = 64A985392466E073004FD367 /* CameraViewController.m */; };
		64AE9DCF2468F7B900482B94 /* Camera.fsh in Resources */ = {isa = PBXBuildFile; fileRef = 64AE9DCE2468F7B900482B94 /* Camera.fsh */; };
		64AE9DD12468F7C000482B94 /* Camera.vsh in Resources */ = {isa = PBXBuildFile; fileRef = 64AE9DD02468F7C000482B94 /* Camera.vsh */; };
		64AE9DD52469546A00482B94 /* CubeViewController.m in Sources */ = {isa = PBXBuildFile; fileRef = 64AE9DD42469546A00482B94 /* CubeViewController.m */; };
		64B1CBE424873F7000B1C413 /* LUTApplyViewController.m in Sources */ = {isa = PBXBuildFile; fileRef = 64B1CBE324873F7000B1C413 /* LUTApplyViewController.m */; };
		64B1CBE72487406C00B1C413 /* LUTApply.fsh in Resources */ = {isa = PBXBuildFile; fileRef = 64B1CBE62487406C00B1C413 /* LUTApply.fsh */; };
		64B1CBE92487407400B1C413 /* LUTApply.vsh in Resources */ = {isa = PBXBuildFile; fileRef = 64B1CBE82487407400B1C413 /* LUTApply.vsh */; };
		64ED095D24507A9300560050 /* GLKViewImageViewController.m in Sources */ = {isa = PBXBuildFile; fileRef = 64ED095C24507A9300560050 /* GLKViewImageViewController.m */; };
/* End PBXBuildFile section */

/* Begin PBXFileReference section */
		640990F32499B33400109109 /* red.png */ = {isa = PBXFileReference; lastKnownFileType = image.png; path = red.png; sourceTree = "<group>"; };
		640990F42499B33400109109 /* lookup_blue.png */ = {isa = PBXFileReference; lastKnownFileType = image.png; path = lookup_blue.png; sourceTree = "<group>"; };
		640991212499C58400109109 /* kobe.jpg */ = {isa = PBXFileReference; lastKnownFileType = image.jpeg; path = kobe.jpg; sourceTree = "<group>"; };
		640991222499C58500109109 /* lookup.png */ = {isa = PBXFileReference; lastKnownFileType = image.png; path = lookup.png; sourceTree = "<group>"; };
		64106D3D246435E7005267C2 /* BodyViewController.h */ = {isa = PBXFileReference; lastKnownFileType = sourcecode.c.h; path = BodyViewController.h; sourceTree = "<group>"; };
		64106D3E246435E7005267C2 /* BodyViewController.m */ = {isa = PBXFileReference; lastKnownFileType = sourcecode.c.objc; path = BodyViewController.m; sourceTree = "<group>"; };
		64106D3F246435E7005267C2 /* BodyViewController.xib */ = {isa = PBXFileReference; lastKnownFileType = file.xib; path = BodyViewController.xib; sourceTree = "<group>"; };
		64137A9F2489E2D400AD9F01 /* AvatarViewController.h */ = {isa = PBXFileReference; lastKnownFileType = sourcecode.c.h; path = AvatarViewController.h; sourceTree = "<group>"; };
		64137AA02489E2D400AD9F01 /* AvatarViewController.m */ = {isa = PBXFileReference; lastKnownFileType = sourcecode.c.objc; path = AvatarViewController.m; sourceTree = "<group>"; };
		64137AA32489E2E900AD9F01 /* avatar.fsh */ = {isa = PBXFileReference; lastKnownFileType = sourcecode.glsl; path = avatar.fsh; sourceTree = "<group>"; };
		64137AA52489E2F100AD9F01 /* avatar.vsh */ = {isa = PBXFileReference; lastKnownFileType = sourcecode.glsl; path = avatar.vsh; sourceTree = "<group>"; };
		64137AA82489E37800AD9F01 /* avatar.jpg */ = {isa = PBXFileReference; lastKnownFileType = image.jpeg; path = avatar.jpg; sourceTree = "<group>"; };
		64137AA92489E37800AD9F01 /* background.jpg */ = {isa = PBXFileReference; lastKnownFileType = image.jpeg; path = background.jpg; sourceTree = "<group>"; };
		64137AAA2489E37800AD9F01 /* prospect.jpg */ = {isa = PBXFileReference; lastKnownFileType = image.jpeg; path = prospect.jpg; sourceTree = "<group>"; };
		641B9A662457D91000BD2657 /* body2.jpg */ = {isa = PBXFileReference; lastKnownFileType = image.jpeg; path = body2.jpg; sourceTree = "<group>"; };
		6454CAEE2449C9BA009CB7FC /* OpenGLDEMO.app */ = {isa = PBXFileReference; explicitFileType = wrapper.application; includeInIndex = 0; path = OpenGLDEMO.app; sourceTree = BUILT_PRODUCTS_DIR; };
		6454CAF12449C9BA009CB7FC /* AppDelegate.h */ = {isa = PBXFileReference; lastKnownFileType = sourcecode.c.h; path = AppDelegate.h; sourceTree = "<group>"; };
		6454CAF22449C9BA009CB7FC /* AppDelegate.m */ = {isa = PBXFileReference; lastKnownFileType = sourcecode.c.objc; path = AppDelegate.m; sourceTree = "<group>"; };
		6454CAF42449C9BA009CB7FC /* SceneDelegate.h */ = {isa = PBXFileReference; lastKnownFileType = sourcecode.c.h; path = SceneDelegate.h; sourceTree = "<group>"; };
		6454CAF52449C9BA009CB7FC /* SceneDelegate.m */ = {isa = PBXFileReference; lastKnownFileType = sourcecode.c.objc; path = SceneDelegate.m; sourceTree = "<group>"; };
		6454CAF72449C9BA009CB7FC /* ViewController.h */ = {isa = PBXFileReference; lastKnownFileType = sourcecode.c.h; path = ViewController.h; sourceTree = "<group>"; };
		6454CAF82449C9BA009CB7FC /* ViewController.m */ = {isa = PBXFileReference; lastKnownFileType = sourcecode.c.objc; path = ViewController.m; sourceTree = "<group>"; };
		6454CAFD2449C9BB009CB7FC /* Assets.xcassets */ = {isa = PBXFileReference; lastKnownFileType = folder.assetcatalog; path = Assets.xcassets; sourceTree = "<group>"; };
		6454CB002449C9BB009CB7FC /* Base */ = {isa = PBXFileReference; lastKnownFileType = file.storyboard; name = Base; path = Base.lproj/LaunchScreen.storyboard; sourceTree = "<group>"; };
		6454CB022449C9BB009CB7FC /* Info.plist */ = {isa = PBXFileReference; lastKnownFileType = text.plist.xml; path = Info.plist; sourceTree = "<group>"; };
		6454CB032449C9BB009CB7FC /* main.m */ = {isa = PBXFileReference; lastKnownFileType = sourcecode.c.objc; path = main.m; sourceTree = "<group>"; };
		6454CB0B2449CD22009CB7FC /* TriangleViewController.h */ = {isa = PBXFileReference; lastKnownFileType = sourcecode.c.h; path = TriangleViewController.h; sourceTree = "<group>"; };
		6454CB0C2449CD22009CB7FC /* TriangleViewController.m */ = {isa = PBXFileReference; lastKnownFileType = sourcecode.c.objc; path = TriangleViewController.m; sourceTree = "<group>"; };
		6454CB0F2449CF64009CB7FC /* Main.storyboard */ = {isa = PBXFileReference; lastKnownFileType = file.storyboard; path = Main.storyboard; sourceTree = "<group>"; };
		6454CB132449D502009CB7FC /* glsl.vsh */ = {isa = PBXFileReference; lastKnownFileType = sourcecode.glsl; path = glsl.vsh; sourceTree = "<group>"; };
		6454CB152449D510009CB7FC /* glsl.fsh */ = {isa = PBXFileReference; lastKnownFileType = sourcecode.glsl; path = glsl.fsh; sourceTree = "<group>"; };
		6454CB18244AAD3D009CB7FC /* ImageViewController.h */ = {isa = PBXFileReference; lastKnownFileType = sourcecode.c.h; path = ImageViewController.h; sourceTree = "<group>"; };
		6454CB19244AAD3D009CB7FC /* ImageViewController.m */ = {isa = PBXFileReference; lastKnownFileType = sourcecode.c.objc; path = ImageViewController.m; sourceTree = "<group>"; };
		6454CB1C244AB020009CB7FC /* leaves.png */ = {isa = PBXFileReference; lastKnownFileType = image.png; path = leaves.png; sourceTree = "<group>"; };
		6454CB1E244AB378009CB7FC /* ImageGLSLViewController.h */ = {isa = PBXFileReference; lastKnownFileType = sourcecode.c.h; path = ImageGLSLViewController.h; sourceTree = "<group>"; };
		6454CB1F244AB378009CB7FC /* ImageGLSLViewController.m */ = {isa = PBXFileReference; lastKnownFileType = sourcecode.c.objc; path = ImageGLSLViewController.m; sourceTree = "<group>"; };
		647AD097246ABF8200EAA18F /* Cube.fsh */ = {isa = PBXFileReference; lastKnownFileType = sourcecode.glsl; path = Cube.fsh; sourceTree = "<group>"; };
		647AD099246ABF8800EAA18F /* Cube.vsh */ = {isa = PBXFileReference; lastKnownFileType = sourcecode.glsl; path = Cube.vsh; sourceTree = "<group>"; };
		647AD09C246AC4FB00EAA18F /* LightingViewController.h */ = {isa = PBXFileReference; lastKnownFileType = sourcecode.c.h; path = LightingViewController.h; sourceTree = "<group>"; };
		647AD09D246AC4FB00EAA18F /* LightingViewController.m */ = {isa = PBXFileReference; lastKnownFileType = sourcecode.c.objc; path = LightingViewController.m; sourceTree = "<group>"; };
		647AD0A2246AC51A00EAA18F /* Lighting.fsh */ = {isa = PBXFileReference; lastKnownFileType = sourcecode.glsl; path = Lighting.fsh; sourceTree = "<group>"; };
		647AD0A4246AC67A00EAA18F /* Lighting.vsh */ = {isa = PBXFileReference; lastKnownFileType = sourcecode.glsl; path = Lighting.vsh; sourceTree = "<group>"; };
		647AD0A7246C1EC900EAA18F /* SpecularViewController.h */ = {isa = PBXFileReference; lastKnownFileType = sourcecode.c.h; path = SpecularViewController.h; sourceTree = "<group>"; };
		647AD0A8246C1EC900EAA18F /* SpecularViewController.m */ = {isa = PBXFileReference; lastKnownFileType = sourcecode.c.objc; path = SpecularViewController.m; sourceTree = "<group>"; };
		647AD0AB246C1EDA00EAA18F /* Specular.fsh */ = {isa = PBXFileReference; lastKnownFileType = sourcecode.glsl; path = Specular.fsh; sourceTree = "<group>"; };
		647AD0AD246C1EE100EAA18F /* Specular.vsh */ = {isa = PBXFileReference; lastKnownFileType = sourcecode.glsl; path = Specular.vsh; sourceTree = "<group>"; };
		647C4822244DCF100031AC98 /* LUTViewController.h */ = {isa = PBXFileReference; lastKnownFileType = sourcecode.c.h; path = LUTViewController.h; sourceTree = "<group>"; };
		647C4823244DCF100031AC98 /* LUTViewController.m */ = {isa = PBXFileReference; lastKnownFileType = sourcecode.c.objc; path = LUTViewController.m; sourceTree = "<group>"; };
		649F0F6C2452CDF100FE6066 /* body.jpg */ = {isa = PBXFileReference; lastKnownFileType = image.jpeg; path = body.jpg; sourceTree = "<group>"; };
		649F0F802452D35B00FE6066 /* GLDisplayView.h */ = {isa = PBXFileReference; lastKnownFileType = sourcecode.c.h; path = GLDisplayView.h; sourceTree = "<group>"; };
		649F0F812452D35B00FE6066 /* GLDisplayView.m */ = {isa = PBXFileReference; lastKnownFileType = sourcecode.c.objc; path = GLDisplayView.m; sourceTree = "<group>"; };
		649F0F852452D44A00FE6066 /* GLProgram.h */ = {isa = PBXFileReference; lastKnownFileType = sourcecode.c.h; path = GLProgram.h; sourceTree = "<group>"; };
		649F0F862452D44A00FE6066 /* GLProgram.m */ = {isa = PBXFileReference; lastKnownFileType = sourcecode.c.objc; path = GLProgram.m; sourceTree = "<group>"; };
		649F0F8924531B8000FE6066 /* Utils.h */ = {isa = PBXFileReference; lastKnownFileType = sourcecode.c.h; path = Utils.h; sourceTree = "<group>"; };
		649F0F8A24531B8000FE6066 /* Utils.m */ = {isa = PBXFileReference; lastKnownFileType = sourcecode.c.objc; path = Utils.m; sourceTree = "<group>"; };
		649F0F8D24531B9E00FE6066 /* UIImage+Categories.h */ = {isa = PBXFileReference; lastKnownFileType = sourcecode.c.h; path = "UIImage+Categories.h"; sourceTree = "<group>"; };
		649F0F8E24531B9E00FE6066 /* UIImage+Categories.m */ = {isa = PBXFileReference; lastKnownFileType = sourcecode.c.objc; path = "UIImage+Categories.m"; sourceTree = "<group>"; };
		64A9852D2466CE38004FD367 /* CoordSystemViewController.h */ = {isa = PBXFileReference; lastKnownFileType = sourcecode.c.h; path = CoordSystemViewController.h; sourceTree = "<group>"; };
		64A9852E2466CE38004FD367 /* CoordSystemViewController.m */ = {isa = PBXFileReference; lastKnownFileType = sourcecode.c.objc; path = CoordSystemViewController.m; sourceTree = "<group>"; };
		64A985332466D01A004FD367 /* CoordSystem.fsh */ = {isa = PBXFileReference; lastKnownFileType = sourcecode.glsl; path = CoordSystem.fsh; sourceTree = "<group>"; };
		64A985352466D025004FD367 /* CoordSystem.vsh */ = {isa = PBXFileReference; lastKnownFileType = sourcecode.glsl; path = CoordSystem.vsh; sourceTree = "<group>"; };
		64A985382466E073004FD367 /* CameraViewController.h */ = {isa = PBXFileReference; lastKnownFileType = sourcecode.c.h; path = CameraViewController.h; sourceTree = "<group>"; };
		64A985392466E073004FD367 /* CameraViewController.m */ = {isa = PBXFileReference; lastKnownFileType = sourcecode.c.objc; path = CameraViewController.m; sourceTree = "<group>"; };
		64AE9DCE2468F7B900482B94 /* Camera.fsh */ = {isa = PBXFileReference; lastKnownFileType = sourcecode.glsl; path = Camera.fsh; sourceTree = "<group>"; };
		64AE9DD02468F7C000482B94 /* Camera.vsh */ = {isa = PBXFileReference; lastKnownFileType = sourcecode.glsl; path = Camera.vsh; sourceTree = "<group>"; };
		64AE9DD32469546A00482B94 /* CubeViewController.h */ = {isa = PBXFileReference; lastKnownFileType = sourcecode.c.h; path = CubeViewController.h; sourceTree = "<group>"; };
		64AE9DD42469546A00482B94 /* CubeViewController.m */ = {isa = PBXFileReference; lastKnownFileType = sourcecode.c.objc; path = CubeViewController.m; sourceTree = "<group>"; };
		64B1CBE224873F7000B1C413 /* LUTApplyViewController.h */ = {isa = PBXFileReference; lastKnownFileType = sourcecode.c.h; path = LUTApplyViewController.h; sourceTree = "<group>"; };
		64B1CBE324873F7000B1C413 /* LUTApplyViewController.m */ = {isa = PBXFileReference; lastKnownFileType = sourcecode.c.objc; path = LUTApplyViewController.m; sourceTree = "<group>"; };
		64B1CBE62487406C00B1C413 /* LUTApply.fsh */ = {isa = PBXFileReference; lastKnownFileType = sourcecode.glsl; path = LUTApply.fsh; sourceTree = "<group>"; };
		64B1CBE82487407400B1C413 /* LUTApply.vsh */ = {isa = PBXFileReference; lastKnownFileType = sourcecode.glsl; path = LUTApply.vsh; sourceTree = "<group>"; };
		64ED095B24507A9300560050 /* GLKViewImageViewController.h */ = {isa = PBXFileReference; lastKnownFileType = sourcecode.c.h; path = GLKViewImageViewController.h; sourceTree = "<group>"; };
		64ED095C24507A9300560050 /* GLKViewImageViewController.m */ = {isa = PBXFileReference; lastKnownFileType = sourcecode.c.objc; path = GLKViewImageViewController.m; sourceTree = "<group>"; };
/* End PBXFileReference section */

/* Begin PBXFrameworksBuildPhase section */
		6454CAEB2449C9BA009CB7FC /* Frameworks */ = {
			isa = PBXFrameworksBuildPhase;
			buildActionMask = 2147483647;
			files = (
			);
			runOnlyForDeploymentPostprocessing = 0;
		};
/* End PBXFrameworksBuildPhase section */

/* Begin PBXGroup section */
		64106D392464359A005267C2 /* Body */ = {
			isa = PBXGroup;
			children = (
				64106D3D246435E7005267C2 /* BodyViewController.h */,
				64106D3E246435E7005267C2 /* BodyViewController.m */,
				64106D3F246435E7005267C2 /* BodyViewController.xib */,
			);
			path = Body;
			sourceTree = "<group>";
		};
		64137A9E2489E2C000AD9F01 /* Avatar */ = {
			isa = PBXGroup;
			children = (
				64137AA72489E33200AD9F01 /* Images */,
				64137AA22489E2DC00AD9F01 /* shader */,
				64137A9F2489E2D400AD9F01 /* AvatarViewController.h */,
				64137AA02489E2D400AD9F01 /* AvatarViewController.m */,
			);
			path = Avatar;
			sourceTree = "<group>";
		};
		64137AA22489E2DC00AD9F01 /* shader */ = {
			isa = PBXGroup;
			children = (
				64137AA32489E2E900AD9F01 /* avatar.fsh */,
				64137AA52489E2F100AD9F01 /* avatar.vsh */,
			);
			path = shader;
			sourceTree = "<group>";
		};
		64137AA72489E33200AD9F01 /* Images */ = {
			isa = PBXGroup;
			children = (
				64137AA82489E37800AD9F01 /* avatar.jpg */,
				64137AA92489E37800AD9F01 /* background.jpg */,
				64137AAA2489E37800AD9F01 /* prospect.jpg */,
			);
			path = Images;
			sourceTree = "<group>";
		};
		6454CAE52449C9BA009CB7FC = {
			isa = PBXGroup;
			children = (
				6454CAF02449C9BA009CB7FC /* OpenGLDEMO */,
				6454CAEF2449C9BA009CB7FC /* Products */,
			);
			sourceTree = "<group>";
		};
		6454CAEF2449C9BA009CB7FC /* Products */ = {
			isa = PBXGroup;
			children = (
				6454CAEE2449C9BA009CB7FC /* OpenGLDEMO.app */,
			);
			name = Products;
			sourceTree = "<group>";
		};
		6454CAF02449C9BA009CB7FC /* OpenGLDEMO */ = {
			isa = PBXGroup;
			children = (
				649F0F8C24531B8B00FE6066 /* Categories */,
				649F0F8824531B7000FE6066 /* Utils */,
				649F0F7F2452D31200FE6066 /* Common */,
				649F0F6B2452CD7800FE6066 /* AppDelegate */,
				6454CB0A2449CCF6009CB7FC /* ViewControllers */,
				6454CB1B244AAEC1009CB7FC /* Resource */,
				6454CB112449D191009CB7FC /* GLSL */,
				649F0F6A2452CCC500FE6066 /* Supporting Files */,
			);
			path = OpenGLDEMO;
			sourceTree = "<group>";
		};
		6454CB0A2449CCF6009CB7FC /* ViewControllers */ = {
			isa = PBXGroup;
			children = (
				64137A9E2489E2C000AD9F01 /* Avatar */,
				64B1CBE124873F5F00B1C413 /* LUTApply */,
				6454CAF72449C9BA009CB7FC /* ViewController.h */,
				6454CAF82449C9BA009CB7FC /* ViewController.m */,
				647AD0A6246C1EB000EAA18F /* SpecularViewController */,
				647AD09B246AC4DD00EAA18F /* LightingViewController */,
				64AE9DD22469545D00482B94 /* CubeViewController */,
				64A985372466E065004FD367 /* Camera */,
				64A985212466CD73004FD367 /* 3D */,
				64106D392464359A005267C2 /* Body */,
				647C4821244DCF060031AC98 /* LUT */,
				6454CB17244AAD33009CB7FC /* Image */,
				6454CB0E2449CD27009CB7FC /* Triangle */,
			);
			path = ViewControllers;
			sourceTree = "<group>";
		};
		6454CB0E2449CD27009CB7FC /* Triangle */ = {
			isa = PBXGroup;
			children = (
				6454CB0B2449CD22009CB7FC /* TriangleViewController.h */,
				6454CB0C2449CD22009CB7FC /* TriangleViewController.m */,
			);
			path = Triangle;
			sourceTree = "<group>";
		};
		6454CB112449D191009CB7FC /* GLSL */ = {
			isa = PBXGroup;
			children = (
				6454CB132449D502009CB7FC /* glsl.vsh */,
				6454CB152449D510009CB7FC /* glsl.fsh */,
			);
			path = GLSL;
			sourceTree = "<group>";
		};
		6454CB17244AAD33009CB7FC /* Image */ = {
			isa = PBXGroup;
			children = (
				6454CB18244AAD3D009CB7FC /* ImageViewController.h */,
				6454CB19244AAD3D009CB7FC /* ImageViewController.m */,
				6454CB1E244AB378009CB7FC /* ImageGLSLViewController.h */,
				6454CB1F244AB378009CB7FC /* ImageGLSLViewController.m */,
				64ED095B24507A9300560050 /* GLKViewImageViewController.h */,
				64ED095C24507A9300560050 /* GLKViewImageViewController.m */,
			);
			path = Image;
			sourceTree = "<group>";
		};
		6454CB1B244AAEC1009CB7FC /* Resource */ = {
			isa = PBXGroup;
			children = (
				640991212499C58400109109 /* kobe.jpg */,
				640991222499C58500109109 /* lookup.png */,
				640990F42499B33400109109 /* lookup_blue.png */,
				640990F32499B33400109109 /* red.png */,
				641B9A662457D91000BD2657 /* body2.jpg */,
				649F0F6C2452CDF100FE6066 /* body.jpg */,
				6454CB1C244AB020009CB7FC /* leaves.png */,
			);
			path = Resource;
			sourceTree = "<group>";
		};
		647AD096246ABF7500EAA18F /* Shader */ = {
			isa = PBXGroup;
			children = (
				647AD097246ABF8200EAA18F /* Cube.fsh */,
				647AD099246ABF8800EAA18F /* Cube.vsh */,
			);
			path = Shader;
			sourceTree = "<group>";
		};
		647AD09B246AC4DD00EAA18F /* LightingViewController */ = {
			isa = PBXGroup;
			children = (
				647AD09F246AC50200EAA18F /* Shader */,
				647AD09C246AC4FB00EAA18F /* LightingViewController.h */,
				647AD09D246AC4FB00EAA18F /* LightingViewController.m */,
			);
			path = LightingViewController;
			sourceTree = "<group>";
		};
		647AD09F246AC50200EAA18F /* Shader */ = {
			isa = PBXGroup;
			children = (
				647AD0A2246AC51A00EAA18F /* Lighting.fsh */,
				647AD0A4246AC67A00EAA18F /* Lighting.vsh */,
			);
			path = Shader;
			sourceTree = "<group>";
		};
		647AD0A6246C1EB000EAA18F /* SpecularViewController */ = {
			isa = PBXGroup;
			children = (
				647AD0AA246C1ECC00EAA18F /* Shader */,
				647AD0A7246C1EC900EAA18F /* SpecularViewController.h */,
				647AD0A8246C1EC900EAA18F /* SpecularViewController.m */,
			);
			path = SpecularViewController;
			sourceTree = "<group>";
		};
		647AD0AA246C1ECC00EAA18F /* Shader */ = {
			isa = PBXGroup;
			children = (
				647AD0AB246C1EDA00EAA18F /* Specular.fsh */,
				647AD0AD246C1EE100EAA18F /* Specular.vsh */,
			);
			path = Shader;
			sourceTree = "<group>";
		};
		647C4821244DCF060031AC98 /* LUT */ = {
			isa = PBXGroup;
			children = (
				647C4822244DCF100031AC98 /* LUTViewController.h */,
				647C4823244DCF100031AC98 /* LUTViewController.m */,
			);
			path = LUT;
			sourceTree = "<group>";
		};
		649F0F6A2452CCC500FE6066 /* Supporting Files */ = {
			isa = PBXGroup;
			children = (
				6454CAFD2449C9BB009CB7FC /* Assets.xcassets */,
				6454CB0F2449CF64009CB7FC /* Main.storyboard */,
				6454CAFF2449C9BB009CB7FC /* LaunchScreen.storyboard */,
				6454CB022449C9BB009CB7FC /* Info.plist */,
				6454CB032449C9BB009CB7FC /* main.m */,
			);
			path = "Supporting Files";
			sourceTree = "<group>";
		};
		649F0F6B2452CD7800FE6066 /* AppDelegate */ = {
			isa = PBXGroup;
			children = (
				6454CAF12449C9BA009CB7FC /* AppDelegate.h */,
				6454CAF22449C9BA009CB7FC /* AppDelegate.m */,
				6454CAF42449C9BA009CB7FC /* SceneDelegate.h */,
				6454CAF52449C9BA009CB7FC /* SceneDelegate.m */,
			);
			path = AppDelegate;
			sourceTree = "<group>";
		};
		649F0F7F2452D31200FE6066 /* Common */ = {
			isa = PBXGroup;
			children = (
				649F0F842452D43700FE6066 /* Program */,
				649F0F832452D43000FE6066 /* View */,
			);
			path = Common;
			sourceTree = "<group>";
		};
		649F0F832452D43000FE6066 /* View */ = {
			isa = PBXGroup;
			children = (
				649F0F802452D35B00FE6066 /* GLDisplayView.h */,
				649F0F812452D35B00FE6066 /* GLDisplayView.m */,
			);
			path = View;
			sourceTree = "<group>";
		};
		649F0F842452D43700FE6066 /* Program */ = {
			isa = PBXGroup;
			children = (
				649F0F852452D44A00FE6066 /* GLProgram.h */,
				649F0F862452D44A00FE6066 /* GLProgram.m */,
			);
			path = Program;
			sourceTree = "<group>";
		};
		649F0F8824531B7000FE6066 /* Utils */ = {
			isa = PBXGroup;
			children = (
				649F0F8924531B8000FE6066 /* Utils.h */,
				649F0F8A24531B8000FE6066 /* Utils.m */,
			);
			path = Utils;
			sourceTree = "<group>";
		};
		649F0F8C24531B8B00FE6066 /* Categories */ = {
			isa = PBXGroup;
			children = (
				649F0F8D24531B9E00FE6066 /* UIImage+Categories.h */,
				649F0F8E24531B9E00FE6066 /* UIImage+Categories.m */,
			);
			path = Categories;
			sourceTree = "<group>";
		};
		64A985212466CD73004FD367 /* 3D */ = {
			isa = PBXGroup;
			children = (
				64A985322466CFF7004FD367 /* Shader */,
				64A9852D2466CE38004FD367 /* CoordSystemViewController.h */,
				64A9852E2466CE38004FD367 /* CoordSystemViewController.m */,
			);
			path = 3D;
			sourceTree = "<group>";
		};
		64A985322466CFF7004FD367 /* Shader */ = {
			isa = PBXGroup;
			children = (
				64A985332466D01A004FD367 /* CoordSystem.fsh */,
				64A985352466D025004FD367 /* CoordSystem.vsh */,
			);
			path = Shader;
			sourceTree = "<group>";
		};
		64A985372466E065004FD367 /* Camera */ = {
			isa = PBXGroup;
			children = (
				64AE9DCC2468F7A500482B94 /* Shader */,
				64A985382466E073004FD367 /* CameraViewController.h */,
				64A985392466E073004FD367 /* CameraViewController.m */,
			);
			path = Camera;
			sourceTree = "<group>";
		};
		64AE9DCC2468F7A500482B94 /* Shader */ = {
			isa = PBXGroup;
			children = (
				64AE9DCE2468F7B900482B94 /* Camera.fsh */,
				64AE9DD02468F7C000482B94 /* Camera.vsh */,
			);
			path = Shader;
			sourceTree = "<group>";
		};
		64AE9DD22469545D00482B94 /* CubeViewController */ = {
			isa = PBXGroup;
			children = (
				647AD096246ABF7500EAA18F /* Shader */,
				64AE9DD32469546A00482B94 /* CubeViewController.h */,
				64AE9DD42469546A00482B94 /* CubeViewController.m */,
			);
			path = CubeViewController;
			sourceTree = "<group>";
		};
		64B1CBE124873F5F00B1C413 /* LUTApply */ = {
			isa = PBXGroup;
			children = (
				64B1CBE52487405C00B1C413 /* Shader */,
				64B1CBE224873F7000B1C413 /* LUTApplyViewController.h */,
				64B1CBE324873F7000B1C413 /* LUTApplyViewController.m */,
			);
			path = LUTApply;
			sourceTree = "<group>";
		};
		64B1CBE52487405C00B1C413 /* Shader */ = {
			isa = PBXGroup;
			children = (
				64B1CBE62487406C00B1C413 /* LUTApply.fsh */,
				64B1CBE82487407400B1C413 /* LUTApply.vsh */,
			);
			path = Shader;
			sourceTree = "<group>";
		};
/* End PBXGroup section */

/* Begin PBXNativeTarget section */
		6454CAED2449C9BA009CB7FC /* OpenGLDEMO */ = {
			isa = PBXNativeTarget;
			buildConfigurationList = 6454CB072449C9BB009CB7FC /* Build configuration list for PBXNativeTarget "OpenGLDEMO" */;
			buildPhases = (
				6454CAEA2449C9BA009CB7FC /* Sources */,
				6454CAEB2449C9BA009CB7FC /* Frameworks */,
				6454CAEC2449C9BA009CB7FC /* Resources */,
			);
			buildRules = (
			);
			dependencies = (
			);
			name = OpenGLDEMO;
			productName = OpenGLDEMO;
			productReference = 6454CAEE2449C9BA009CB7FC /* OpenGLDEMO.app */;
			productType = "com.apple.product-type.application";
		};
/* End PBXNativeTarget section */

/* Begin PBXProject section */
		6454CAE62449C9BA009CB7FC /* Project object */ = {
			isa = PBXProject;
			attributes = {
				LastUpgradeCheck = 1120;
				ORGANIZATIONNAME = DPP;
				TargetAttributes = {
					6454CAED2449C9BA009CB7FC = {
						CreatedOnToolsVersion = 11.2.1;
					};
				};
			};
			buildConfigurationList = 6454CAE92449C9BA009CB7FC /* Build configuration list for PBXProject "OpenGLDEMO" */;
			compatibilityVersion = "Xcode 9.3";
			developmentRegion = en;
			hasScannedForEncodings = 0;
			knownRegions = (
				en,
				Base,
			);
			mainGroup = 6454CAE52449C9BA009CB7FC;
			productRefGroup = 6454CAEF2449C9BA009CB7FC /* Products */;
			projectDirPath = "";
			projectRoot = "";
			targets = (
				6454CAED2449C9BA009CB7FC /* OpenGLDEMO */,
			);
		};
/* End PBXProject section */

/* Begin PBXResourcesBuildPhase section */
		6454CAEC2449C9BA009CB7FC /* Resources */ = {
			isa = PBXResourcesBuildPhase;
			buildActionMask = 2147483647;
			files = (
				64137AAC2489E37800AD9F01 /* background.jpg in Resources */,
				647AD098246ABF8200EAA18F /* Cube.fsh in Resources */,
				647AD0A5246AC67A00EAA18F /* Lighting.vsh in Resources */,
				647AD0A3246AC51A00EAA18F /* Lighting.fsh in Resources */,
				64A985342466D01A004FD367 /* CoordSystem.fsh in Resources */,
				64106D41246435E7005267C2 /* BodyViewController.xib in Resources */,
				64B1CBE92487407400B1C413 /* LUTApply.vsh in Resources */,
				640991232499C58500109109 /* kobe.jpg in Resources */,
				64137AA42489E2E900AD9F01 /* avatar.fsh in Resources */,
				647AD0AE246C1EE100EAA18F /* Specular.vsh in Resources */,
				6454CB012449C9BB009CB7FC /* LaunchScreen.storyboard in Resources */,
				64137AA62489E2F100AD9F01 /* avatar.vsh in Resources */,
				6454CB1D244AB020009CB7FC /* leaves.png in Resources */,
				64AE9DD12468F7C000482B94 /* Camera.vsh in Resources */,
				64AE9DCF2468F7B900482B94 /* Camera.fsh in Resources */,
				647AD09A246ABF8800EAA18F /* Cube.vsh in Resources */,
				6454CB142449D502009CB7FC /* glsl.vsh in Resources */,
				649F0F6D2452CDF100FE6066 /* body.jpg in Resources */,
				64137AAB2489E37800AD9F01 /* avatar.jpg in Resources */,
				6454CB102449CF64009CB7FC /* Main.storyboard in Resources */,
				6454CB162449D510009CB7FC /* glsl.fsh in Resources */,
				6454CAFE2449C9BB009CB7FC /* Assets.xcassets in Resources */,
				640990F52499B33400109109 /* red.png in Resources */,
				64137AAD2489E37800AD9F01 /* prospect.jpg in Resources */,
				64A985362466D025004FD367 /* CoordSystem.vsh in Resources */,
				647AD0AC246C1EDA00EAA18F /* Specular.fsh in Resources */,
				64B1CBE72487406C00B1C413 /* LUTApply.fsh in Resources */,
				640991242499C58500109109 /* lookup.png in Resources */,
				641B9A672457D91100BD2657 /* body2.jpg in Resources */,
				640990F62499B33400109109 /* lookup_blue.png in Resources */,
			);
			runOnlyForDeploymentPostprocessing = 0;
		};
/* End PBXResourcesBuildPhase section */

/* Begin PBXSourcesBuildPhase section */
		6454CAEA2449C9BA009CB7FC /* Sources */ = {
			isa = PBXSourcesBuildPhase;
			buildActionMask = 2147483647;
			files = (
				64A985302466CE38004FD367 /* CoordSystemViewController.m in Sources */,
				6454CB1A244AAD3D009CB7FC /* ImageViewController.m in Sources */,
				6454CAF92449C9BA009CB7FC /* ViewController.m in Sources */,
				649F0F822452D35B00FE6066 /* GLDisplayView.m in Sources */,
				649F0F8B24531B8000FE6066 /* Utils.m in Sources */,
				647C4824244DCF100031AC98 /* LUTViewController.m in Sources */,
				64137AA12489E2D400AD9F01 /* AvatarViewController.m in Sources */,
				6454CAF32449C9BA009CB7FC /* AppDelegate.m in Sources */,
				649F0F872452D44A00FE6066 /* GLProgram.m in Sources */,
				6454CB042449C9BB009CB7FC /* main.m in Sources */,
				64B1CBE424873F7000B1C413 /* LUTApplyViewController.m in Sources */,
				64A9853A2466E073004FD367 /* CameraViewController.m in Sources */,
				64106D40246435E7005267C2 /* BodyViewController.m in Sources */,
				64ED095D24507A9300560050 /* GLKViewImageViewController.m in Sources */,
				647AD09E246AC4FB00EAA18F /* LightingViewController.m in Sources */,
				6454CB0D2449CD22009CB7FC /* TriangleViewController.m in Sources */,
				6454CB20244AB378009CB7FC /* ImageGLSLViewController.m in Sources */,
				647AD0A9246C1EC900EAA18F /* SpecularViewController.m in Sources */,
				64AE9DD52469546A00482B94 /* CubeViewController.m in Sources */,
				649F0F8F24531B9E00FE6066 /* UIImage+Categories.m in Sources */,
				6454CAF62449C9BA009CB7FC /* SceneDelegate.m in Sources */,
			);
			runOnlyForDeploymentPostprocessing = 0;
		};
/* End PBXSourcesBuildPhase section */

/* Begin PBXVariantGroup section */
		6454CAFF2449C9BB009CB7FC /* LaunchScreen.storyboard */ = {
			isa = PBXVariantGroup;
			children = (
				6454CB002449C9BB009CB7FC /* Base */,
			);
			name = LaunchScreen.storyboard;
			sourceTree = "<group>";
		};
/* End PBXVariantGroup section */

/* Begin XCBuildConfiguration section */
		6454CB052449C9BB009CB7FC /* Debug */ = {
			isa = XCBuildConfiguration;
			buildSettings = {
				ALWAYS_SEARCH_USER_PATHS = NO;
				CLANG_ANALYZER_NONNULL = YES;
				CLANG_ANALYZER_NUMBER_OBJECT_CONVERSION = YES_AGGRESSIVE;
				CLANG_CXX_LANGUAGE_STANDARD = "gnu++14";
				CLANG_CXX_LIBRARY = "libc++";
				CLANG_ENABLE_MODULES = YES;
				CLANG_ENABLE_OBJC_ARC = YES;
				CLANG_ENABLE_OBJC_WEAK = YES;
				CLANG_WARN_BLOCK_CAPTURE_AUTORELEASING = YES;
				CLANG_WARN_BOOL_CONVERSION = YES;
				CLANG_WARN_COMMA = YES;
				CLANG_WARN_CONSTANT_CONVERSION = YES;
				CLANG_WARN_DEPRECATED_OBJC_IMPLEMENTATIONS = YES;
				CLANG_WARN_DIRECT_OBJC_ISA_USAGE = YES_ERROR;
				CLANG_WARN_DOCUMENTATION_COMMENTS = YES;
				CLANG_WARN_EMPTY_BODY = YES;
				CLANG_WARN_ENUM_CONVERSION = YES;
				CLANG_WARN_INFINITE_RECURSION = YES;
				CLANG_WARN_INT_CONVERSION = YES;
				CLANG_WARN_NON_LITERAL_NULL_CONVERSION = YES;
				CLANG_WARN_OBJC_IMPLICIT_RETAIN_SELF = YES;
				CLANG_WARN_OBJC_LITERAL_CONVERSION = YES;
				CLANG_WARN_OBJC_ROOT_CLASS = YES_ERROR;
				CLANG_WARN_RANGE_LOOP_ANALYSIS = YES;
				CLANG_WARN_STRICT_PROTOTYPES = YES;
				CLANG_WARN_SUSPICIOUS_MOVE = YES;
				CLANG_WARN_UNGUARDED_AVAILABILITY = YES_AGGRESSIVE;
				CLANG_WARN_UNREACHABLE_CODE = YES;
				CLANG_WARN__DUPLICATE_METHOD_MATCH = YES;
				COPY_PHASE_STRIP = NO;
				DEBUG_INFORMATION_FORMAT = dwarf;
				ENABLE_STRICT_OBJC_MSGSEND = YES;
				ENABLE_TESTABILITY = YES;
				GCC_C_LANGUAGE_STANDARD = gnu11;
				GCC_DYNAMIC_NO_PIC = NO;
				GCC_NO_COMMON_BLOCKS = YES;
				GCC_OPTIMIZATION_LEVEL = 0;
				GCC_PREPROCESSOR_DEFINITIONS = (
					"DEBUG=1",
					"$(inherited)",
				);
				GCC_WARN_64_TO_32_BIT_CONVERSION = YES;
				GCC_WARN_ABOUT_RETURN_TYPE = YES_ERROR;
				GCC_WARN_UNDECLARED_SELECTOR = YES;
				GCC_WARN_UNINITIALIZED_AUTOS = YES_AGGRESSIVE;
				GCC_WARN_UNUSED_FUNCTION = YES;
				GCC_WARN_UNUSED_VARIABLE = YES;
				IPHONEOS_DEPLOYMENT_TARGET = 13.2;
				MTL_ENABLE_DEBUG_INFO = INCLUDE_SOURCE;
				MTL_FAST_MATH = YES;
				ONLY_ACTIVE_ARCH = YES;
				SDKROOT = iphoneos;
			};
			name = Debug;
		};
		6454CB062449C9BB009CB7FC /* Release */ = {
			isa = XCBuildConfiguration;
			buildSettings = {
				ALWAYS_SEARCH_USER_PATHS = NO;
				CLANG_ANALYZER_NONNULL = YES;
				CLANG_ANALYZER_NUMBER_OBJECT_CONVERSION = YES_AGGRESSIVE;
				CLANG_CXX_LANGUAGE_STANDARD = "gnu++14";
				CLANG_CXX_LIBRARY = "libc++";
				CLANG_ENABLE_MODULES = YES;
				CLANG_ENABLE_OBJC_ARC = YES;
				CLANG_ENABLE_OBJC_WEAK = YES;
				CLANG_WARN_BLOCK_CAPTURE_AUTORELEASING = YES;
				CLANG_WARN_BOOL_CONVERSION = YES;
				CLANG_WARN_COMMA = YES;
				CLANG_WARN_CONSTANT_CONVERSION = YES;
				CLANG_WARN_DEPRECATED_OBJC_IMPLEMENTATIONS = YES;
				CLANG_WARN_DIRECT_OBJC_ISA_USAGE = YES_ERROR;
				CLANG_WARN_DOCUMENTATION_COMMENTS = YES;
				CLANG_WARN_EMPTY_BODY = YES;
				CLANG_WARN_ENUM_CONVERSION = YES;
				CLANG_WARN_INFINITE_RECURSION = YES;
				CLANG_WARN_INT_CONVERSION = YES;
				CLANG_WARN_NON_LITERAL_NULL_CONVERSION = YES;
				CLANG_WARN_OBJC_IMPLICIT_RETAIN_SELF = YES;
				CLANG_WARN_OBJC_LITERAL_CONVERSION = YES;
				CLANG_WARN_OBJC_ROOT_CLASS = YES_ERROR;
				CLANG_WARN_RANGE_LOOP_ANALYSIS = YES;
				CLANG_WARN_STRICT_PROTOTYPES = YES;
				CLANG_WARN_SUSPICIOUS_MOVE = YES;
				CLANG_WARN_UNGUARDED_AVAILABILITY = YES_AGGRESSIVE;
				CLANG_WARN_UNREACHABLE_CODE = YES;
				CLANG_WARN__DUPLICATE_METHOD_MATCH = YES;
				COPY_PHASE_STRIP = NO;
				DEBUG_INFORMATION_FORMAT = "dwarf-with-dsym";
				ENABLE_NS_ASSERTIONS = NO;
				ENABLE_STRICT_OBJC_MSGSEND = YES;
				GCC_C_LANGUAGE_STANDARD = gnu11;
				GCC_NO_COMMON_BLOCKS = YES;
				GCC_WARN_64_TO_32_BIT_CONVERSION = YES;
				GCC_WARN_ABOUT_RETURN_TYPE = YES_ERROR;
				GCC_WARN_UNDECLARED_SELECTOR = YES;
				GCC_WARN_UNINITIALIZED_AUTOS = YES_AGGRESSIVE;
				GCC_WARN_UNUSED_FUNCTION = YES;
				GCC_WARN_UNUSED_VARIABLE = YES;
				IPHONEOS_DEPLOYMENT_TARGET = 13.2;
				MTL_ENABLE_DEBUG_INFO = NO;
				MTL_FAST_MATH = YES;
				SDKROOT = iphoneos;
				VALIDATE_PRODUCT = YES;
			};
			name = Release;
		};
		6454CB082449C9BB009CB7FC /* Debug */ = {
			isa = XCBuildConfiguration;
			buildSettings = {
				ASSETCATALOG_COMPILER_APPICON_NAME = AppIcon;
				CODE_SIGN_STYLE = Automatic;
				DEVELOPMENT_TEAM = U24BK4467G;
				INFOPLIST_FILE = "OpenGLDEMO/Supporting Files/Info.plist";
				IPHONEOS_DEPLOYMENT_TARGET = 10.0;
				LD_RUNPATH_SEARCH_PATHS = (
					"$(inherited)",
					"@executable_path/Frameworks",
				);
				PRODUCT_BUNDLE_IDENTIFIER = com.meitu.OpenGLDEMO;
				PRODUCT_NAME = "$(TARGET_NAME)";
				TARGETED_DEVICE_FAMILY = "1,2";
			};
			name = Debug;
		};
		6454CB092449C9BB009CB7FC /* Release */ = {
			isa = XCBuildConfiguration;
			buildSettings = {
				ASSETCATALOG_COMPILER_APPICON_NAME = AppIcon;
				CODE_SIGN_STYLE = Automatic;
				DEVELOPMENT_TEAM = U24BK4467G;
				INFOPLIST_FILE = "OpenGLDEMO/Supporting Files/Info.plist";
				IPHONEOS_DEPLOYMENT_TARGET = 10.0;
				LD_RUNPATH_SEARCH_PATHS = (
					"$(inherited)",
					"@executable_path/Frameworks",
				);
				PRODUCT_BUNDLE_IDENTIFIER = com.meitu.OpenGLDEMO;
				PRODUCT_NAME = "$(TARGET_NAME)";
				TARGETED_DEVICE_FAMILY = "1,2";
			};
			name = Release;
		};
/* End XCBuildConfiguration section */

/* Begin XCConfigurationList section */
		6454CAE92449C9BA009CB7FC /* Build configuration list for PBXProject "OpenGLDEMO" */ = {
			isa = XCConfigurationList;
			buildConfigurations = (
				6454CB052449C9BB009CB7FC /* Debug */,
				6454CB062449C9BB009CB7FC /* Release */,
			);
			defaultConfigurationIsVisible = 0;
			defaultConfigurationName = Release;
		};
		6454CB072449C9BB009CB7FC /* Build configuration list for PBXNativeTarget "OpenGLDEMO" */ = {
			isa = XCConfigurationList;
			buildConfigurations = (
				6454CB082449C9BB009CB7FC /* Debug */,
				6454CB092449C9BB009CB7FC /* Release */,
			);
			defaultConfigurationIsVisible = 0;
			defaultConfigurationName = Release;
		};
/* End XCConfigurationList section */
	};
	rootObject = 6454CAE62449C9BA009CB7FC /* Project object */;
}
